
Microsoft Visual Studio Solution File, Format Version 12.00
# Visual Studio Version 16
VisualStudioVersion = 16.0.31112.23
MinimumVisualStudioVersion = 10.0.40219.1
Project("{FAE04EC0-301F-11D3-BF4B-00C04F79EFBC}") = "Sehir Bulmaca", "Sehir Bulmaca.csproj", "{5B08550A-E879-46EF-BD5E-0EC5D5CBD771}"
EndProject
Global
	GlobalSection(SolutionConfigurationPlatforms) = preSolution
		Debug|Any CPU = Debug|Any CPU
		Release|Any CPU = Release|Any CPU
	EndGlobalSection
	GlobalSection(ProjectConfigurationPlatforms) = postSolution
		{5B08550A-E879-46EF-BD5E-0EC5D5CBD771}.Debug|Any CPU.ActiveCfg = Debug|Any CPU
		{5B08550A-E879-46EF-BD5E-0EC5D5CBD771}.Debug|Any CPU.Build.0 = Debug|Any CPU
		{5B08550A-E879-46EF-BD5E-0EC5D5CBD771}.Release|Any CPU.ActiveCfg = Release|Any CPU
		{5B08550A-E879-46EF-BD5E-0EC5D5CBD771}.Release|Any CPU.Build.0 = Release|Any CPU
	EndGlobalSection
	GlobalSection(SolutionProperties) = preSolution
		HideSolutionNode = FALSE
	EndGlobalSection
	GlobalSection(ExtensibilityGlobals) = postSolution
		SolutionGuid = {98436AD0-2361-4D69-A9FA-EB84B2F53C0C}
	EndGlobalSection
EndGlobal
